
Microsoft Visual Studio Solution File, Format Version 12.00
# Visual Studio Version 16
VisualStudioVersion = 16.0.31112.23
MinimumVisualStudioVersion = 10.0.40219.1
Project("{FAE04EC0-301F-11D3-BF4B-00C04F79EFBC}") = "Arboles", "Arboles\Arboles.csproj", "{9FDE480F-E6DB-45CE-8622-68A97C7F8848}"
EndProject
Global
	GlobalSection(SolutionConfigurationPlatforms) = preSolution
		Debug|Any CPU = Debug|Any CPU
		Release|Any CPU = Release|Any CPU
	EndGlobalSection
	GlobalSection(ProjectConfigurationPlatforms) = postSolution
		{9FDE480F-E6DB-45CE-8622-68A97C7F8848}.Debug|Any CPU.ActiveCfg = Debug|Any CPU
		{9FDE480F-E6DB-45CE-8622-68A97C7F8848}.Debug|Any CPU.Build.0 = Debug|Any CPU
		{9FDE480F-E6DB-45CE-8622-68A97C7F8848}.Release|Any CPU.ActiveCfg = Release|Any CPU
		{9FDE480F-E6DB-45CE-8622-68A97C7F8848}.Release|Any CPU.Build.0 = Release|Any CPU
	EndGlobalSection
	GlobalSection(SolutionProperties) = preSolution
		HideSolutionNode = FALSE
	EndGlobalSection
	GlobalSection(ExtensibilityGlobals) = postSolution
		SolutionGuid = {F2B3943B-880E-4144-92EC-372C6D81C796}
	EndGlobalSection
EndGlobal
